
Microsoft Visual Studio Solution File, Format Version 12.00
# Visual Studio Version 17
VisualStudioVersion = 17.5.33627.172
MinimumVisualStudioVersion = 10.0.40219.1
Project("{FAE04EC0-301F-11D3-BF4B-00C04F79EFBC}") = "GeneratePassword", "GeneratePassword.csproj", "{948FACC6-1131-4A2B-AD74-BB6645497A7E}"
EndProject
Global
	GlobalSection(SolutionConfigurationPlatforms) = preSolution
		Debug|Any CPU = Debug|Any CPU
		Release|Any CPU = Release|Any CPU
	EndGlobalSection
	GlobalSection(ProjectConfigurationPlatforms) = postSolution
		{948FACC6-1131-4A2B-AD74-BB6645497A7E}.Debug|Any CPU.ActiveCfg = Debug|Any CPU
		{948FACC6-1131-4A2B-AD74-BB6645497A7E}.Debug|Any CPU.Build.0 = Debug|Any CPU
		{948FACC6-1131-4A2B-AD74-BB6645497A7E}.Release|Any CPU.ActiveCfg = Release|Any CPU
		{948FACC6-1131-4A2B-AD74-BB6645497A7E}.Release|Any CPU.Build.0 = Release|Any CPU
	EndGlobalSection
	GlobalSection(SolutionProperties) = preSolution
		HideSolutionNode = FALSE
	EndGlobalSection
	GlobalSection(ExtensibilityGlobals) = postSolution
		SolutionGuid = {113A8FE2-81C6-4095-AB07-C60C60A11218}
	EndGlobalSection
EndGlobal
